# Exact aqt updater inputs, archive installation layout, and payload digests.
@updater 6.8.3 desktop linux_gcc_64 linux - https://download.qt.io
df9d7a94d647406055d48671b28580c252d035883db6d506bbf7fa5c5b73677c  6.8.3/gcc_64  online/qtsdkrepository/linux_x64/desktop/qt6_683/qt6_683/qt.qt6.683.addons.qt5compat.linux_gcc_64/6.8.3-0-202503201345qt5compat-Linux-RHEL_8_10-GCC-Linux-RHEL_8_10-X86_64.7z
b3fa562b30ac7674d973b6174d04beb5f2aaba15e279aa50c502d540f0783c4a  6.8.3/gcc_64  online/qtsdkrepository/linux_x64/desktop/qt6_683/qt6_683/qt.qt6.683.addons.qtcharts.linux_gcc_64/6.8.3-0-202503201345qtcharts-Linux-RHEL_8_10-GCC-Linux-RHEL_8_10-X86_64.7z
146e6210ea88b3394e16b2caa6b6df29c67e4e80949b3c409c1a145f270ca59b  6.8.3/gcc_64  online/qtsdkrepository/linux_x64/desktop/qt6_683/qt6_683/qt.qt6.683.addons.qtconnectivity.linux_gcc_64/6.8.3-0-202503201345qtconnectivity-Linux-RHEL_8_10-GCC-Linux-RHEL_8_10-X86_64.7z
5d4fa3b0f8b84ad0d83b423362ccba8a77f295fbaf0bcdc19f1d355b8eb7cfaa  6.8.3/gcc_64  online/qtsdkrepository/linux_x64/desktop/qt6_683/qt6_683/qt.qt6.683.addons.qtmultimedia.linux_gcc_64/6.8.3-0-202503201345qtmultimedia-Linux-RHEL_8_10-GCC-Linux-RHEL_8_10-X86_64.7z
d476e66deac70527886a8a3ab18b69cc71e1004853253a931268b7737f774e37  6.8.3/gcc_64  online/qtsdkrepository/linux_x64/desktop/qt6_683/qt6_683/qt.qt6.683.addons.qtpositioning.linux_gcc_64/6.8.3-0-202503201345qtpositioning-Linux-RHEL_8_10-GCC-Linux-RHEL_8_10-X86_64.7z
94f4239108d7bf2e89c4d9d1694d7ed71f3cc545557c6c586046ba2ea1338e10  6.8.3/gcc_64  online/qtsdkrepository/linux_x64/desktop/qt6_683/qt6_683/qt.qt6.683.addons.qtquick3d.linux_gcc_64/6.8.3-0-202503201345qtquick3d-Linux-RHEL_8_10-GCC-Linux-RHEL_8_10-X86_64.7z
c4b889fbf25e09a36a0d98b8965b153d74c609b36894519dc6bafe617d4330a2  6.8.3/gcc_64  online/qtsdkrepository/linux_x64/desktop/qt6_683/qt6_683/qt.qt6.683.addons.qtquicktimeline.linux_gcc_64/6.8.3-0-202503201345qtquicktimeline-Linux-RHEL_8_10-GCC-Linux-RHEL_8_10-X86_64.7z
cd7cfbcb896a99155ecc262d2dfbcb2bff9f49620ed469e7ba33ee0772bda775  6.8.3/gcc_64  online/qtsdkrepository/linux_x64/desktop/qt6_683/qt6_683/qt.qt6.683.addons.qtserialport.linux_gcc_64/6.8.3-0-202503201345qtserialport-Linux-RHEL_8_10-GCC-Linux-RHEL_8_10-X86_64.7z
47690a6b5047560f60bd0426d7ed950aaf4ae45c51ade025964d4dd8be9589b3  6.8.3/gcc_64  online/qtsdkrepository/linux_x64/desktop/qt6_683/qt6_683/qt.qt6.683.addons.qtshadertools.linux_gcc_64/6.8.3-0-202503201345qtshadertools-Linux-RHEL_8_10-GCC-Linux-RHEL_8_10-X86_64.7z
63baf38a2041a11aec1b71ad6f67cafb03d300394d729d18aca154de9f58b3e9  6.8.3/gcc_64  online/qtsdkrepository/linux_x64/desktop/qt6_683/qt6_683/qt.qt6.683.addons.qtwebchannel.linux_gcc_64/6.8.3-0-202503201345qtwebchannel-Linux-RHEL_8_10-GCC-Linux-RHEL_8_10-X86_64.7z
a2543496e1280c6fa348e0791def5026d5bde9e5749d9fc2244866ab0bee8aed  6.8.3/gcc_64/lib  online/qtsdkrepository/linux_x64/desktop/qt6_683/qt6_683/qt.qt6.683.linux_gcc_64/6.8.3-0-202503201345icu-linux-Rhel8.6-x86_64.7z
d8fe882cae71284a7ca906b70b42840376882fe96f22fce1ba5a7a70ceeec799  6.8.3/gcc_64  online/qtsdkrepository/linux_x64/desktop/qt6_683/qt6_683/qt.qt6.683.linux_gcc_64/6.8.3-0-202503201345qtbase-Linux-RHEL_8_10-GCC-Linux-RHEL_8_10-X86_64.7z
6330a5ed0138393468be3ddcca458606e14a607f7191d8dbad3978004bdf29ee  6.8.3/gcc_64  online/qtsdkrepository/linux_x64/desktop/qt6_683/qt6_683/qt.qt6.683.linux_gcc_64/6.8.3-0-202503201345qtdeclarative-Linux-RHEL_8_10-GCC-Linux-RHEL_8_10-X86_64.7z
e330eb3abed3e0b9c9a278da971ec67306969f35020a3d54350a6ee86d57983d  6.8.3/gcc_64  online/qtsdkrepository/linux_x64/desktop/qt6_683/qt6_683/qt.qt6.683.linux_gcc_64/6.8.3-0-202503201345qtsvg-Linux-RHEL_8_10-GCC-Linux-RHEL_8_10-X86_64.7z
a39477caa537743afb5575e5c65018a7d62e47ccf15a4e3444ecc43208ac1047  6.8.3/gcc_64  online/qtsdkrepository/linux_x64/desktop/qt6_683/qt6_683/qt.qt6.683.linux_gcc_64/6.8.3-0-202503201345qttools-Linux-RHEL_8_10-GCC-Linux-RHEL_8_10-X86_64.7z
fb9747168a0d5fbc39d44fd97b0e9ba4ca0115a32b145efffc4e1c7afd2a7ed4  6.8.3/gcc_64  online/qtsdkrepository/linux_x64/desktop/qt6_683/qt6_683/qt.qt6.683.linux_gcc_64/6.8.3-0-202503201345qttranslations-Linux-RHEL_8_10-GCC-Linux-RHEL_8_10-X86_64.7z
da40cc32c95aa9bf96fcf3e2bfe19055c93cc1ae297bd7cd3cf532aaef634cff  6.8.3/gcc_64  online/qtsdkrepository/linux_x64/desktop/qt6_683/qt6_683/qt.qt6.683.linux_gcc_64/6.8.3-0-202503201345qtwayland-Linux-RHEL_8_10-GCC-Linux-RHEL_8_10-X86_64.7z
b957a38255cbfd325ead3291a0495b1e6b6fc813ca2187f76e2ccc4c61df4a9c  6.8.3/gcc_64  online/qtsdkrepository/linux_x64/extensions/qtwebengine/683/x86_64/extensions.qtwebengine.683.linux_gcc_64/6.8.3-0-202503201424qtwebengine-Linux-RHEL_8_10-GCC-Linux-RHEL_8_10-X86_64.7z
